
Microsoft Visual Studio Solution File, Format Version 12.00
# Visual Studio Version 17
VisualStudioVersion = 17.9.34616.47
MinimumVisualStudioVersion = 10.0.40219.1
Project("{FAE04EC0-301F-11D3-BF4B-00C04F79EFBC}") = "Nets.Tech.Server", "Nets.Tech.Server.csproj", "{2A2CB579-F25B-4B03-884F-3555FAFEE999}"
EndProject
Global
	GlobalSection(SolutionConfigurationPlatforms) = preSolution
		Debug|Any CPU = Debug|Any CPU
		Release|Any CPU = Release|Any CPU
	EndGlobalSection
	GlobalSection(ProjectConfigurationPlatforms) = postSolution
		{2A2CB579-F25B-4B03-884F-3555FAFEE999}.Debug|Any CPU.ActiveCfg = Debug|Any CPU
		{2A2CB579-F25B-4B03-884F-3555FAFEE999}.Debug|Any CPU.Build.0 = Debug|Any CPU
		{2A2CB579-F25B-4B03-884F-3555FAFEE999}.Release|Any CPU.ActiveCfg = Release|Any CPU
		{2A2CB579-F25B-4B03-884F-3555FAFEE999}.Release|Any CPU.Build.0 = Release|Any CPU
	EndGlobalSection
	GlobalSection(SolutionProperties) = preSolution
		HideSolutionNode = FALSE
	EndGlobalSection
	GlobalSection(ExtensibilityGlobals) = postSolution
		SolutionGuid = {E437AECD-F9D0-4364-819D-73DE4CEA5E4E}
	EndGlobalSection
EndGlobal
